
Microsoft Visual Studio Solution File, Format Version 12.00
# Visual Studio Version 17
VisualStudioVersion = 17.3.32922.545
MinimumVisualStudioVersion = 10.0.40219.1
Project("{FAE04EC0-301F-11D3-BF4B-00C04F79EFBC}") = "SchoolManagement", "SchoolManagement.csproj", "{86BDE2FE-EB90-4756-8846-3ECB847F9A6F}"
EndProject
Global
	GlobalSection(SolutionConfigurationPlatforms) = preSolution
		Debug|Any CPU = Debug|Any CPU
		Release|Any CPU = Release|Any CPU
	EndGlobalSection
	GlobalSection(ProjectConfigurationPlatforms) = postSolution
		{86BDE2FE-EB90-4756-8846-3ECB847F9A6F}.Debug|Any CPU.ActiveCfg = Debug|Any CPU
		{86BDE2FE-EB90-4756-8846-3ECB847F9A6F}.Debug|Any CPU.Build.0 = Debug|Any CPU
		{86BDE2FE-EB90-4756-8846-3ECB847F9A6F}.Release|Any CPU.ActiveCfg = Release|Any CPU
		{86BDE2FE-EB90-4756-8846-3ECB847F9A6F}.Release|Any CPU.Build.0 = Release|Any CPU
	EndGlobalSection
	GlobalSection(SolutionProperties) = preSolution
		HideSolutionNode = FALSE
	EndGlobalSection
	GlobalSection(ExtensibilityGlobals) = postSolution
		SolutionGuid = {16B1221F-5BE7-4DA7-B3C9-576A5E6D5453}
	EndGlobalSection
EndGlobal
